
Microsoft Visual Studio Solution File, Format Version 12.00
# Visual Studio Version 16
VisualStudioVersion = 16.0.30611.23
MinimumVisualStudioVersion = 10.0.40219.1
Project("{9A19103F-16F7-4668-BE54-9A1E7A4F7556}") = "Business", "Buisness\Business.csproj", "{40499924-A8A1-43FF-8780-442CFCA54B76}"
EndProject
Project("{9A19103F-16F7-4668-BE54-9A1E7A4F7556}") = "ConsoleUI", "ConsoleUI\ConsoleUI.csproj", "{9A043600-6F03-4550-805B-4AB71A15E628}"
EndProject
Project("{9A19103F-16F7-4668-BE54-9A1E7A4F7556}") = "DataAccess", "DataAccess\DataAccess.csproj", "{8944A7B5-9D30-46C7-AD19-3C3A3BE09A80}"
EndProject
Project("{9A19103F-16F7-4668-BE54-9A1E7A4F7556}") = "Entities", "Entities\Entities.csproj", "{159D4A23-9992-4BD2-9B91-641CC709E43A}"
EndProject
Project("{9A19103F-16F7-4668-BE54-9A1E7A4F7556}") = "Core", "Core\Core.csproj", "{89DD1E44-F941-4A6C-9907-990177AF701A}"
EndProject
Project("{9A19103F-16F7-4668-BE54-9A1E7A4F7556}") = "WebAPI", "WebAPI\WebAPI.csproj", "{C4466902-C4A7-484A-B736-63CCB8572E69}"
EndProject
Global
	GlobalSection(SolutionConfigurationPlatforms) = preSolution
		Debug|Any CPU = Debug|Any CPU
		Release|Any CPU = Release|Any CPU
	EndGlobalSection
	GlobalSection(ProjectConfigurationPlatforms) = postSolution
		{40499924-A8A1-43FF-8780-442CFCA54B76}.Debug|Any CPU.ActiveCfg = Debug|Any CPU
		{40499924-A8A1-43FF-8780-442CFCA54B76}.Debug|Any CPU.Build.0 = Debug|Any CPU
		{40499924-A8A1-43FF-8780-442CFCA54B76}.Release|Any CPU.ActiveCfg = Release|Any CPU
		{40499924-A8A1-43FF-8780-442CFCA54B76}.Release|Any CPU.Build.0 = Release|Any CPU
		{9A043600-6F03-4550-805B-4AB71A15E628}.Debug|Any CPU.ActiveCfg = Debug|Any CPU
		{9A043600-6F03-4550-805B-4AB71A15E628}.Debug|Any CPU.Build.0 = Debug|Any CPU
		{9A043600-6F03-4550-805B-4AB71A15E628}.Release|Any CPU.ActiveCfg = Release|Any CPU
		{9A043600-6F03-4550-805B-4AB71A15E628}.Release|Any CPU.Build.0 = Release|Any CPU
		{8944A7B5-9D30-46C7-AD19-3C3A3BE09A80}.Debug|Any CPU.ActiveCfg = Debug|Any CPU
		{8944A7B5-9D30-46C7-AD19-3C3A3BE09A80}.Debug|Any CPU.Build.0 = Debug|Any CPU
		{8944A7B5-9D30-46C7-AD19-3C3A3BE09A80}.Release|Any CPU.ActiveCfg = Release|Any CPU
		{8944A7B5-9D30-46C7-AD19-3C3A3BE09A80}.Release|Any CPU.Build.0 = Release|Any CPU
		{159D4A23-9992-4BD2-9B91-641CC709E43A}.Debug|Any CPU.ActiveCfg = Debug|Any CPU
		{159D4A23-9992-4BD2-9B91-641CC709E43A}.Debug|Any CPU.Build.0 = Debug|Any CPU
		{159D4A23-9992-4BD2-9B91-641CC709E43A}.Release|Any CPU.ActiveCfg = Release|Any CPU
		{159D4A23-9992-4BD2-9B91-641CC709E43A}.Release|Any CPU.Build.0 = Release|Any CPU
		{89DD1E44-F941-4A6C-9907-990177AF701A}.Debug|Any CPU.ActiveCfg = Debug|Any CPU
		{89DD1E44-F941-4A6C-9907-990177AF701A}.Debug|Any CPU.Build.0 = Debug|Any CPU
		{89DD1E44-F941-4A6C-9907-990177AF701A}.Release|Any CPU.ActiveCfg = Release|Any CPU
		{89DD1E44-F941-4A6C-9907-990177AF701A}.Release|Any CPU.Build.0 = Release|Any CPU
		{C4466902-C4A7-484A-B736-63CCB8572E69}.Debug|Any CPU.ActiveCfg = Debug|Any CPU
		{C4466902-C4A7-484A-B736-63CCB8572E69}.Debug|Any CPU.Build.0 = Debug|Any CPU
		{C4466902-C4A7-484A-B736-63CCB8572E69}.Release|Any CPU.ActiveCfg = Release|Any CPU
		{C4466902-C4A7-484A-B736-63CCB8572E69}.Release|Any CPU.Build.0 = Release|Any CPU
	EndGlobalSection
	GlobalSection(SolutionProperties) = preSolution
		HideSolutionNode = FALSE
	EndGlobalSection
	GlobalSection(ExtensibilityGlobals) = postSolution
		SolutionGuid = {5F1DD145-6AF8-4C74-9EE0-44CA9658476C}
	EndGlobalSection
EndGlobal
